# THIS IS AN AUTOGENERATED FILE. DO NOT EDIT THIS FILE DIRECTLY.
# yarn lockfile v1


normalizr@^3.2.4:
  version "3.3.0"
  resolved "https://registry.yarnpkg.com/normalizr/-/normalizr-3.3.0.tgz#6f44b95e8bf2201845a9e551920c4e5861166d27"
  integrity sha512-u8Us8Ms5KpY0mmNwML4OBxNKvlmSKeXfPBIXU9XmcejrZUjhIvUOd8RYBq62UL4JHxrcO4wqo2sL4s8B74Hadw==
